// !$*UTF8*$!
{
	archiveVersion = 1;
	classes = {
	};
	objectVersion = 56;
	objects = {

/* Begin PBXBuildFile section */
		00EE8ED2E8967D75A71514F6 /* Pods_RickAndMortyApp.framework in Frameworks */ = {isa = PBXBuildFile; fileRef = DAC94D43C4FB68FCF9BDBAA9 /* Pods_RickAndMortyApp.framework */; };
		C1C10DB82BCEC9EC004AECB6 /* AppDelegate.swift in Sources */ = {isa = PBXBuildFile; fileRef = C1C10DB72BCEC9EC004AECB6 /* AppDelegate.swift */; };
		C1C10DBA2BCEC9EC004AECB6 /* SceneDelegate.swift in Sources */ = {isa = PBXBuildFile; fileRef = C1C10DB92BCEC9EC004AECB6 /* SceneDelegate.swift */; };
		C1C10DBF2BCEC9EC004AECB6 /* Base in Resources */ = {isa = PBXBuildFile; fileRef = C1C10DBE2BCEC9EC004AECB6 /* Base */; };
		C1C10DC12BCEC9EF004AECB6 /* Assets.xcassets in Resources */ = {isa = PBXBuildFile; fileRef = C1C10DC02BCEC9EF004AECB6 /* Assets.xcassets */; };
		C1C10DC42BCEC9EF004AECB6 /* Base in Resources */ = {isa = PBXBuildFile; fileRef = C1C10DC32BCEC9EF004AECB6 /* Base */; };
		C1C10DCF2BCEC9F0004AECB6 /* RickAndMortyAppTests.swift in Sources */ = {isa = PBXBuildFile; fileRef = C1C10DCE2BCEC9F0004AECB6 /* RickAndMortyAppTests.swift */; };
		C1C10DD92BCEC9F0004AECB6 /* RickAndMortyAppUITests.swift in Sources */ = {isa = PBXBuildFile; fileRef = C1C10DD82BCEC9F0004AECB6 /* RickAndMortyAppUITests.swift */; };
		C1C10DDB2BCEC9F0004AECB6 /* RickAndMortyAppUITestsLaunchTests.swift in Sources */ = {isa = PBXBuildFile; fileRef = C1C10DDA2BCEC9F0004AECB6 /* RickAndMortyAppUITestsLaunchTests.swift */; };
		C1C10DED2BCECDDC004AECB6 /* rick.ttf in Resources */ = {isa = PBXBuildFile; fileRef = C1C10DEC2BCECDDC004AECB6 /* rick.ttf */; };
		C1C10DF02BCED20A004AECB6 /* GeneralConfigure.swift in Sources */ = {isa = PBXBuildFile; fileRef = C1C10DEF2BCED20A004AECB6 /* GeneralConfigure.swift */; };
		C1C10DF32BCEFB11004AECB6 /* CharactersViewController.swift in Sources */ = {isa = PBXBuildFile; fileRef = C1C10DF22BCEFB11004AECB6 /* CharactersViewController.swift */; };
		C1C10DFA2BCFE182004AECB6 /* PresentationViewController.swift in Sources */ = {isa = PBXBuildFile; fileRef = C1C10DF92BCFE182004AECB6 /* PresentationViewController.swift */; };
		C1C10DFC2BCFE769004AECB6 /* APIManager.swift in Sources */ = {isa = PBXBuildFile; fileRef = C1C10DFB2BCFE769004AECB6 /* APIManager.swift */; };
		C1C10DFE2BCFEE98004AECB6 /* DataModel.swift in Sources */ = {isa = PBXBuildFile; fileRef = C1C10DFD2BCFEE98004AECB6 /* DataModel.swift */; };
		C1C10E012BCFF6CB004AECB6 /* CharacterTableViewCell.swift in Sources */ = {isa = PBXBuildFile; fileRef = C1C10E002BCFF6CB004AECB6 /* CharacterTableViewCell.swift */; };
		C1C10E032BD0271B004AECB6 /* DetailCharacterViewController.swift in Sources */ = {isa = PBXBuildFile; fileRef = C1C10E022BD0271B004AECB6 /* DetailCharacterViewController.swift */; };
/* End PBXBuildFile section */

/* Begin PBXContainerItemProxy section */
		C1C10DCB2BCEC9F0004AECB6 /* PBXContainerItemProxy */ = {
			isa = PBXContainerItemProxy;
			containerPortal = C1C10DAC2BCEC9EC004AECB6 /* Project object */;
			proxyType = 1;
			remoteGlobalIDString = C1C10DB32BCEC9EC004AECB6;
			remoteInfo = RickAndMortyApp;
		};
		C1C10DD52BCEC9F0004AECB6 /* PBXContainerItemProxy */ = {
			isa = PBXContainerItemProxy;
			containerPortal = C1C10DAC2BCEC9EC004AECB6 /* Project object */;
			proxyType = 1;
			remoteGlobalIDString = C1C10DB32BCEC9EC004AECB6;
			remoteInfo = RickAndMortyApp;
		};
/* End PBXContainerItemProxy section */

/* Begin PBXFileReference section */
		007FFE2AE90C617AAC6F6BB9 /* Pods-RickAndMortyApp.release.xcconfig */ = {isa = PBXFileReference; includeInIndex = 1; lastKnownFileType = text.xcconfig; name = "Pods-RickAndMortyApp.release.xcconfig"; path = "Target Support Files/Pods-RickAndMortyApp/Pods-RickAndMortyApp.release.xcconfig"; sourceTree = "<group>"; };
		6FC403879E4FB57B67555FE2 /* Pods-RickAndMortyApp.debug.xcconfig */ = {isa = PBXFileReference; includeInIndex = 1; lastKnownFileType = text.xcconfig; name = "Pods-RickAndMortyApp.debug.xcconfig"; path = "Target Support Files/Pods-RickAndMortyApp/Pods-RickAndMortyApp.debug.xcconfig"; sourceTree = "<group>"; };
		C1C10DB42BCEC9EC004AECB6 /* RickAndMortyApp.app */ = {isa = PBXFileReference; explicitFileType = wrapper.application; includeInIndex = 0; path = RickAndMortyApp.app; sourceTree = BUILT_PRODUCTS_DIR; };
		C1C10DB72BCEC9EC004AECB6 /* AppDelegate.swift */ = {isa = PBXFileReference; lastKnownFileType = sourcecode.swift; path = AppDelegate.swift; sourceTree = "<group>"; };
		C1C10DB92BCEC9EC004AECB6 /* SceneDelegate.swift */ = {isa = PBXFileReference; lastKnownFileType = sourcecode.swift; path = SceneDelegate.swift; sourceTree = "<group>"; };
		C1C10DBE2BCEC9EC004AECB6 /* Base */ = {isa = PBXFileReference; lastKnownFileType = file.storyboard; name = Base; path = Base.lproj/Main.storyboard; sourceTree = "<group>"; };
		C1C10DC02BCEC9EF004AECB6 /* Assets.xcassets */ = {isa = PBXFileReference; lastKnownFileType = folder.assetcatalog; path = Assets.xcassets; sourceTree = "<group>"; };
		C1C10DC32BCEC9EF004AECB6 /* Base */ = {isa = PBXFileReference; lastKnownFileType = file.storyboard; name = Base; path = Base.lproj/LaunchScreen.storyboard; sourceTree = "<group>"; };
		C1C10DC52BCEC9EF004AECB6 /* Info.plist */ = {isa = PBXFileReference; lastKnownFileType = text.plist.xml; path = Info.plist; sourceTree = "<group>"; };
		C1C10DCA2BCEC9F0004AECB6 /* RickAndMortyAppTests.xctest */ = {isa = PBXFileReference; explicitFileType = wrapper.cfbundle; includeInIndex = 0; path = RickAndMortyAppTests.xctest; sourceTree = BUILT_PRODUCTS_DIR; };
		C1C10DCE2BCEC9F0004AECB6 /* RickAndMortyAppTests.swift */ = {isa = PBXFileReference; lastKnownFileType = sourcecode.swift; path = RickAndMortyAppTests.swift; sourceTree = "<group>"; };
		C1C10DD42BCEC9F0004AECB6 /* RickAndMortyAppUITests.xctest */ = {isa = PBXFileReference; explicitFileType = wrapper.cfbundle; includeInIndex = 0; path = RickAndMortyAppUITests.xctest; sourceTree = BUILT_PRODUCTS_DIR; };
		C1C10DD82BCEC9F0004AECB6 /* RickAndMortyAppUITests.swift */ = {isa = PBXFileReference; lastKnownFileType = sourcecode.swift; path = RickAndMortyAppUITests.swift; sourceTree = "<group>"; };
		C1C10DDA2BCEC9F0004AECB6 /* RickAndMortyAppUITestsLaunchTests.swift */ = {isa = PBXFileReference; lastKnownFileType = sourcecode.swift; path = RickAndMortyAppUITestsLaunchTests.swift; sourceTree = "<group>"; };
		C1C10DEC2BCECDDC004AECB6 /* rick.ttf */ = {isa = PBXFileReference; lastKnownFileType = file; path = rick.ttf; sourceTree = "<group>"; };
		C1C10DEF2BCED20A004AECB6 /* GeneralConfigure.swift */ = {isa = PBXFileReference; lastKnownFileType = sourcecode.swift; path = GeneralConfigure.swift; sourceTree = "<group>"; };
		C1C10DF22BCEFB11004AECB6 /* CharactersViewController.swift */ = {isa = PBXFileReference; lastKnownFileType = sourcecode.swift; path = CharactersViewController.swift; sourceTree = "<group>"; };
		C1C10DF92BCFE182004AECB6 /* PresentationViewController.swift */ = {isa = PBXFileReference; lastKnownFileType = sourcecode.swift; path = PresentationViewController.swift; sourceTree = "<group>"; };
		C1C10DFB2BCFE769004AECB6 /* APIManager.swift */ = {isa = PBXFileReference; lastKnownFileType = sourcecode.swift; path = APIManager.swift; sourceTree = "<group>"; };
		C1C10DFD2BCFEE98004AECB6 /* DataModel.swift */ = {isa = PBXFileReference; lastKnownFileType = sourcecode.swift; path = DataModel.swift; sourceTree = "<group>"; };
		C1C10E002BCFF6CB004AECB6 /* CharacterTableViewCell.swift */ = {isa = PBXFileReference; lastKnownFileType = sourcecode.swift; path = CharacterTableViewCell.swift; sourceTree = "<group>"; };
		C1C10E022BD0271B004AECB6 /* DetailCharacterViewController.swift */ = {isa = PBXFileReference; lastKnownFileType = sourcecode.swift; path = DetailCharacterViewController.swift; sourceTree = "<group>"; };
		DAC94D43C4FB68FCF9BDBAA9 /* Pods_RickAndMortyApp.framework */ = {isa = PBXFileReference; explicitFileType = wrapper.framework; includeInIndex = 0; path = Pods_RickAndMortyApp.framework; sourceTree = BUILT_PRODUCTS_DIR; };
/* End PBXFileReference section */

/* Begin PBXFrameworksBuildPhase section */
		C1C10DB12BCEC9EC004AECB6 /* Frameworks */ = {
			isa = PBXFrameworksBuildPhase;
			buildActionMask = 2147483647;
			files = (
				00EE8ED2E8967D75A71514F6 /* Pods_RickAndMortyApp.framework in Frameworks */,
			);
			runOnlyForDeploymentPostprocessing = 0;
		};
		C1C10DC72BCEC9F0004AECB6 /* Frameworks */ = {
			isa = PBXFrameworksBuildPhase;
			buildActionMask = 2147483647;
			files = (
			);
			runOnlyForDeploymentPostprocessing = 0;
		};
		C1C10DD12BCEC9F0004AECB6 /* Frameworks */ = {
			isa = PBXFrameworksBuildPhase;
			buildActionMask = 2147483647;
			files = (
			);
			runOnlyForDeploymentPostprocessing = 0;
		};
/* End PBXFrameworksBuildPhase section */

/* Begin PBXGroup section */
		6AF196F63EFDC066441AD3F5 /* Pods */ = {
			isa = PBXGroup;
			children = (
				6FC403879E4FB57B67555FE2 /* Pods-RickAndMortyApp.debug.xcconfig */,
				007FFE2AE90C617AAC6F6BB9 /* Pods-RickAndMortyApp.release.xcconfig */,
			);
			path = Pods;
			sourceTree = "<group>";
		};
		C1C10DAB2BCEC9EC004AECB6 = {
			isa = PBXGroup;
			children = (
				C1C10DB62BCEC9EC004AECB6 /* RickAndMortyApp */,
				C1C10DCD2BCEC9F0004AECB6 /* RickAndMortyAppTests */,
				C1C10DD72BCEC9F0004AECB6 /* RickAndMortyAppUITests */,
				C1C10DB52BCEC9EC004AECB6 /* Products */,
				6AF196F63EFDC066441AD3F5 /* Pods */,
				E874496A9DAE4E7B1023EBD1 /* Frameworks */,
			);
			sourceTree = "<group>";
		};
		C1C10DB52BCEC9EC004AECB6 /* Products */ = {
			isa = PBXGroup;
			children = (
				C1C10DB42BCEC9EC004AECB6 /* RickAndMortyApp.app */,
				C1C10DCA2BCEC9F0004AECB6 /* RickAndMortyAppTests.xctest */,
				C1C10DD42BCEC9F0004AECB6 /* RickAndMortyAppUITests.xctest */,
			);
			name = Products;
			sourceTree = "<group>";
		};
		C1C10DB62BCEC9EC004AECB6 /* RickAndMortyApp */ = {
			isa = PBXGroup;
			children = (
				C1C10DB92BCEC9EC004AECB6 /* SceneDelegate.swift */,
				C1C10DB72BCEC9EC004AECB6 /* AppDelegate.swift */,
				C1C10DF52BCFE0C3004AECB6 /* Model */,
				C1C10DF42BCEFB3C004AECB6 /* View */,
				C1C10DE72BCECA8C004AECB6 /* Controller */,
				C1C10DEE2BCED1ED004AECB6 /* Objects */,
				C1C10DF62BCFE0E8004AECB6 /* Manager */,
				C1C10DEA2BCECD93004AECB6 /* Resources */,
				C1C10DC02BCEC9EF004AECB6 /* Assets.xcassets */,
				C1C10DC52BCEC9EF004AECB6 /* Info.plist */,
			);
			path = RickAndMortyApp;
			sourceTree = "<group>";
		};
		C1C10DCD2BCEC9F0004AECB6 /* RickAndMortyAppTests */ = {
			isa = PBXGroup;
			children = (
				C1C10DCE2BCEC9F0004AECB6 /* RickAndMortyAppTests.swift */,
			);
			path = RickAndMortyAppTests;
			sourceTree = "<group>";
		};
		C1C10DD72BCEC9F0004AECB6 /* RickAndMortyAppUITests */ = {
			isa = PBXGroup;
			children = (
				C1C10DD82BCEC9F0004AECB6 /* RickAndMortyAppUITests.swift */,
				C1C10DDA2BCEC9F0004AECB6 /* RickAndMortyAppUITestsLaunchTests.swift */,
			);
			path = RickAndMortyAppUITests;
			sourceTree = "<group>";
		};
		C1C10DE72BCECA8C004AECB6 /* Controller */ = {
			isa = PBXGroup;
			children = (
				C1C10DFF2BCFF6B1004AECB6 /* Components */,
				C1C10DF22BCEFB11004AECB6 /* CharactersViewController.swift */,
				C1C10DF92BCFE182004AECB6 /* PresentationViewController.swift */,
				C1C10E022BD0271B004AECB6 /* DetailCharacterViewController.swift */,
			);
			path = Controller;
			sourceTree = "<group>";
		};
		C1C10DEA2BCECD93004AECB6 /* Resources */ = {
			isa = PBXGroup;
			children = (
				C1C10DEB2BCECDA3004AECB6 /* Font */,
			);
			path = Resources;
			sourceTree = "<group>";
		};
		C1C10DEB2BCECDA3004AECB6 /* Font */ = {
			isa = PBXGroup;
			children = (
				C1C10DEC2BCECDDC004AECB6 /* rick.ttf */,
			);
			path = Font;
			sourceTree = "<group>";
		};
		C1C10DEE2BCED1ED004AECB6 /* Objects */ = {
			isa = PBXGroup;
			children = (
				C1C10DEF2BCED20A004AECB6 /* GeneralConfigure.swift */,
			);
			path = Objects;
			sourceTree = "<group>";
		};
		C1C10DF42BCEFB3C004AECB6 /* View */ = {
			isa = PBXGroup;
			children = (
				C1C10DC22BCEC9EF004AECB6 /* LaunchScreen.storyboard */,
				C1C10DBD2BCEC9EC004AECB6 /* Main.storyboard */,
			);
			path = View;
			sourceTree = "<group>";
		};
		C1C10DF52BCFE0C3004AECB6 /* Model */ = {
			isa = PBXGroup;
			children = (
				C1C10DFD2BCFEE98004AECB6 /* DataModel.swift */,
			);
			path = Model;
			sourceTree = "<group>";
		};
		C1C10DF62BCFE0E8004AECB6 /* Manager */ = {
			isa = PBXGroup;
			children = (
				C1C10DFB2BCFE769004AECB6 /* APIManager.swift */,
			);
			path = Manager;
			sourceTree = "<group>";
		};
		C1C10DFF2BCFF6B1004AECB6 /* Components */ = {
			isa = PBXGroup;
			children = (
				C1C10E002BCFF6CB004AECB6 /* CharacterTableViewCell.swift */,
			);
			path = Components;
			sourceTree = "<group>";
		};
		E874496A9DAE4E7B1023EBD1 /* Frameworks */ = {
			isa = PBXGroup;
			children = (
				DAC94D43C4FB68FCF9BDBAA9 /* Pods_RickAndMortyApp.framework */,
			);
			name = Frameworks;
			sourceTree = "<group>";
		};
/* End PBXGroup section */

/* Begin PBXNativeTarget section */
		C1C10DB32BCEC9EC004AECB6 /* RickAndMortyApp */ = {
			isa = PBXNativeTarget;
			buildConfigurationList = C1C10DDE2BCEC9F0004AECB6 /* Build configuration list for PBXNativeTarget "RickAndMortyApp" */;
			buildPhases = (
				C266BCF851BFB76C4D362A89 /* [CP] Check Pods Manifest.lock */,
				C1C10DB02BCEC9EC004AECB6 /* Sources */,
				C1C10DB12BCEC9EC004AECB6 /* Frameworks */,
				C1C10DB22BCEC9EC004AECB6 /* Resources */,
				5AB3624DED7B1AA91C8A6B4F /* [CP] Embed Pods Frameworks */,
			);
			buildRules = (
			);
			dependencies = (
			);
			name = RickAndMortyApp;
			productName = RickAndMortyApp;
			productReference = C1C10DB42BCEC9EC004AECB6 /* RickAndMortyApp.app */;
			productType = "com.apple.product-type.application";
		};
		C1C10DC92BCEC9F0004AECB6 /* RickAndMortyAppTests */ = {
			isa = PBXNativeTarget;
			buildConfigurationList = C1C10DE12BCEC9F0004AECB6 /* Build configuration list for PBXNativeTarget "RickAndMortyAppTests" */;
			buildPhases = (
				C1C10DC62BCEC9F0004AECB6 /* Sources */,
				C1C10DC72BCEC9F0004AECB6 /* Frameworks */,
				C1C10DC82BCEC9F0004AECB6 /* Resources */,
			);
			buildRules = (
			);
			dependencies = (
				C1C10DCC2BCEC9F0004AECB6 /* PBXTargetDependency */,
			);
			name = RickAndMortyAppTests;
			productName = RickAndMortyAppTests;
			productReference = C1C10DCA2BCEC9F0004AECB6 /* RickAndMortyAppTests.xctest */;
			productType = "com.apple.product-type.bundle.unit-test";
		};
		C1C10DD32BCEC9F0004AECB6 /* RickAndMortyAppUITests */ = {
			isa = PBXNativeTarget;
			buildConfigurationList = C1C10DE42BCEC9F0004AECB6 /* Build configuration list for PBXNativeTarget "RickAndMortyAppUITests" */;
			buildPhases = (
				C1C10DD02BCEC9F0004AECB6 /* Sources */,
				C1C10DD12BCEC9F0004AECB6 /* Frameworks */,
				C1C10DD22BCEC9F0004AECB6 /* Resources */,
			);
			buildRules = (
			);
			dependencies = (
				C1C10DD62BCEC9F0004AECB6 /* PBXTargetDependency */,
			);
			name = RickAndMortyAppUITests;
			productName = RickAndMortyAppUITests;
			productReference = C1C10DD42BCEC9F0004AECB6 /* RickAndMortyAppUITests.xctest */;
			productType = "com.apple.product-type.bundle.ui-testing";
		};
/* End PBXNativeTarget section */

/* Begin PBXProject section */
		C1C10DAC2BCEC9EC004AECB6 /* Project object */ = {
			isa = PBXProject;
			attributes = {
				BuildIndependentTargetsInParallel = 1;
				LastSwiftUpdateCheck = 1530;
				LastUpgradeCheck = 1530;
				TargetAttributes = {
					C1C10DB32BCEC9EC004AECB6 = {
						CreatedOnToolsVersion = 15.3;
					};
					C1C10DC92BCEC9F0004AECB6 = {
						CreatedOnToolsVersion = 15.3;
						TestTargetID = C1C10DB32BCEC9EC004AECB6;
					};
					C1C10DD32BCEC9F0004AECB6 = {
						CreatedOnToolsVersion = 15.3;
						TestTargetID = C1C10DB32BCEC9EC004AECB6;
					};
				};
			};
			buildConfigurationList = C1C10DAF2BCEC9EC004AECB6 /* Build configuration list for PBXProject "RickAndMortyApp" */;
			compatibilityVersion = "Xcode 14.0";
			developmentRegion = en;
			hasScannedForEncodings = 0;
			knownRegions = (
				en,
				Base,
			);
			mainGroup = C1C10DAB2BCEC9EC004AECB6;
			productRefGroup = C1C10DB52BCEC9EC004AECB6 /* Products */;
			projectDirPath = "";
			projectRoot = "";
			targets = (
				C1C10DB32BCEC9EC004AECB6 /* RickAndMortyApp */,
				C1C10DC92BCEC9F0004AECB6 /* RickAndMortyAppTests */,
				C1C10DD32BCEC9F0004AECB6 /* RickAndMortyAppUITests */,
			);
		};
/* End PBXProject section */

/* Begin PBXResourcesBuildPhase section */
		C1C10DB22BCEC9EC004AECB6 /* Resources */ = {
			isa = PBXResourcesBuildPhase;
			buildActionMask = 2147483647;
			files = (
				C1C10DC12BCEC9EF004AECB6 /* Assets.xcassets in Resources */,
				C1C10DED2BCECDDC004AECB6 /* rick.ttf in Resources */,
				C1C10DC42BCEC9EF004AECB6 /* Base in Resources */,
				C1C10DBF2BCEC9EC004AECB6 /* Base in Resources */,
			);
			runOnlyForDeploymentPostprocessing = 0;
		};
		C1C10DC82BCEC9F0004AECB6 /* Resources */ = {
			isa = PBXResourcesBuildPhase;
			buildActionMask = 2147483647;
			files = (
			);
			runOnlyForDeploymentPostprocessing = 0;
		};
		C1C10DD22BCEC9F0004AECB6 /* Resources */ = {
			isa = PBXResourcesBuildPhase;
			buildActionMask = 2147483647;
			files = (
			);
			runOnlyForDeploymentPostprocessing = 0;
		};
/* End PBXResourcesBuildPhase section */

/* Begin PBXShellScriptBuildPhase section */
		5AB3624DED7B1AA91C8A6B4F /* [CP] Embed Pods Frameworks */ = {
			isa = PBXShellScriptBuildPhase;
			buildActionMask = 2147483647;
			files = (
			);
			inputFileListPaths = (
				"${PODS_ROOT}/Target Support Files/Pods-RickAndMortyApp/Pods-RickAndMortyApp-frameworks-${CONFIGURATION}-input-files.xcfilelist",
			);
			name = "[CP] Embed Pods Frameworks";
			outputFileListPaths = (
				"${PODS_ROOT}/Target Support Files/Pods-RickAndMortyApp/Pods-RickAndMortyApp-frameworks-${CONFIGURATION}-output-files.xcfilelist",
			);
			runOnlyForDeploymentPostprocessing = 0;
			shellPath = /bin/sh;
			shellScript = "\"${PODS_ROOT}/Target Support Files/Pods-RickAndMortyApp/Pods-RickAndMortyApp-frameworks.sh\"\n";
			showEnvVarsInLog = 0;
		};
		C266BCF851BFB76C4D362A89 /* [CP] Check Pods Manifest.lock */ = {
			isa = PBXShellScriptBuildPhase;
			buildActionMask = 2147483647;
			files = (
			);
			inputFileListPaths = (
			);
			inputPaths = (
				"${PODS_PODFILE_DIR_PATH}/Podfile.lock",
				"${PODS_ROOT}/Manifest.lock",
			);
			name = "[CP] Check Pods Manifest.lock";
			outputFileListPaths = (
			);
			outputPaths = (
				"$(DERIVED_FILE_DIR)/Pods-RickAndMortyApp-checkManifestLockResult.txt",
			);
			runOnlyForDeploymentPostprocessing = 0;
			shellPath = /bin/sh;
			shellScript = "diff \"${PODS_PODFILE_DIR_PATH}/Podfile.lock\" \"${PODS_ROOT}/Manifest.lock\" > /dev/null\nif [ $? != 0 ] ; then\n    # print error to STDERR\n    echo \"error: The sandbox is not in sync with the Podfile.lock. Run 'pod install' or update your CocoaPods installation.\" >&2\n    exit 1\nfi\n# This output is used by Xcode 'outputs' to avoid re-running this script phase.\necho \"SUCCESS\" > \"${SCRIPT_OUTPUT_FILE_0}\"\n";
			showEnvVarsInLog = 0;
		};
/* End PBXShellScriptBuildPhase section */

/* Begin PBXSourcesBuildPhase section */
		C1C10DB02BCEC9EC004AECB6 /* Sources */ = {
			isa = PBXSourcesBuildPhase;
			buildActionMask = 2147483647;
			files = (
				C1C10DFE2BCFEE98004AECB6 /* DataModel.swift in Sources */,
				C1C10DFC2BCFE769004AECB6 /* APIManager.swift in Sources */,
				C1C10DFA2BCFE182004AECB6 /* PresentationViewController.swift in Sources */,
				C1C10DF02BCED20A004AECB6 /* GeneralConfigure.swift in Sources */,
				C1C10DB82BCEC9EC004AECB6 /* AppDelegate.swift in Sources */,
				C1C10E032BD0271B004AECB6 /* DetailCharacterViewController.swift in Sources */,
				C1C10DF32BCEFB11004AECB6 /* CharactersViewController.swift in Sources */,
				C1C10DBA2BCEC9EC004AECB6 /* SceneDelegate.swift in Sources */,
				C1C10E012BCFF6CB004AECB6 /* CharacterTableViewCell.swift in Sources */,
			);
			runOnlyForDeploymentPostprocessing = 0;
		};
		C1C10DC62BCEC9F0004AECB6 /* Sources */ = {
			isa = PBXSourcesBuildPhase;
			buildActionMask = 2147483647;
			files = (
				C1C10DCF2BCEC9F0004AECB6 /* RickAndMortyAppTests.swift in Sources */,
			);
			runOnlyForDeploymentPostprocessing = 0;
		};
		C1C10DD02BCEC9F0004AECB6 /* Sources */ = {
			isa = PBXSourcesBuildPhase;
			buildActionMask = 2147483647;
			files = (
				C1C10DD92BCEC9F0004AECB6 /* RickAndMortyAppUITests.swift in Sources */,
				C1C10DDB2BCEC9F0004AECB6 /* RickAndMortyAppUITestsLaunchTests.swift in Sources */,
			);
			runOnlyForDeploymentPostprocessing = 0;
		};
/* End PBXSourcesBuildPhase section */

/* Begin PBXTargetDependency section */
		C1C10DCC2BCEC9F0004AECB6 /* PBXTargetDependency */ = {
			isa = PBXTargetDependency;
			target = C1C10DB32BCEC9EC004AECB6 /* RickAndMortyApp */;
			targetProxy = C1C10DCB2BCEC9F0004AECB6 /* PBXContainerItemProxy */;
		};
		C1C10DD62BCEC9F0004AECB6 /* PBXTargetDependency */ = {
			isa = PBXTargetDependency;
			target = C1C10DB32BCEC9EC004AECB6 /* RickAndMortyApp */;
			targetProxy = C1C10DD52BCEC9F0004AECB6 /* PBXContainerItemProxy */;
		};
/* End PBXTargetDependency section */

/* Begin PBXVariantGroup section */
		C1C10DBD2BCEC9EC004AECB6 /* Main.storyboard */ = {
			isa = PBXVariantGroup;
			children = (
				C1C10DBE2BCEC9EC004AECB6 /* Base */,
			);
			name = Main.storyboard;
			sourceTree = "<group>";
		};
		C1C10DC22BCEC9EF004AECB6 /* LaunchScreen.storyboard */ = {
			isa = PBXVariantGroup;
			children = (
				C1C10DC32BCEC9EF004AECB6 /* Base */,
			);
			name = LaunchScreen.storyboard;
			sourceTree = "<group>";
		};
/* End PBXVariantGroup section */

/* Begin XCBuildConfiguration section */
		C1C10DDC2BCEC9F0004AECB6 /* Debug */ = {
			isa = XCBuildConfiguration;
			buildSettings = {
				ALWAYS_SEARCH_USER_PATHS = NO;
				ASSETCATALOG_COMPILER_GENERATE_SWIFT_ASSET_SYMBOL_EXTENSIONS = YES;
				CLANG_ANALYZER_NONNULL = YES;
				CLANG_ANALYZER_NUMBER_OBJECT_CONVERSION = YES_AGGRESSIVE;
				CLANG_CXX_LANGUAGE_STANDARD = "gnu++20";
				CLANG_ENABLE_MODULES = YES;
				CLANG_ENABLE_OBJC_ARC = YES;
				CLANG_ENABLE_OBJC_WEAK = YES;
				CLANG_WARN_BLOCK_CAPTURE_AUTORELEASING = YES;
				CLANG_WARN_BOOL_CONVERSION = YES;
				CLANG_WARN_COMMA = YES;
				CLANG_WARN_CONSTANT_CONVERSION = YES;
				CLANG_WARN_DEPRECATED_OBJC_IMPLEMENTATIONS = YES;
				CLANG_WARN_DIRECT_OBJC_ISA_USAGE = YES_ERROR;
				CLANG_WARN_DOCUMENTATION_COMMENTS = YES;
				CLANG_WARN_EMPTY_BODY = YES;
				CLANG_WARN_ENUM_CONVERSION = YES;
				CLANG_WARN_INFINITE_RECURSION = YES;
				CLANG_WARN_INT_CONVERSION = YES;
				CLANG_WARN_NON_LITERAL_NULL_CONVERSION = YES;
				CLANG_WARN_OBJC_IMPLICIT_RETAIN_SELF = YES;
				CLANG_WARN_OBJC_LITERAL_CONVERSION = YES;
				CLANG_WARN_OBJC_ROOT_CLASS = YES_ERROR;
				CLANG_WARN_QUOTED_INCLUDE_IN_FRAMEWORK_HEADER = YES;
				CLANG_WARN_RANGE_LOOP_ANALYSIS = YES;
				CLANG_WARN_STRICT_PROTOTYPES = YES;
				CLANG_WARN_SUSPICIOUS_MOVE = YES;
				CLANG_WARN_UNGUARDED_AVAILABILITY = YES_AGGRESSIVE;
				CLANG_WARN_UNREACHABLE_CODE = YES;
				CLANG_WARN__DUPLICATE_METHOD_MATCH = YES;
				COPY_PHASE_STRIP = NO;
				DEBUG_INFORMATION_FORMAT = dwarf;
				ENABLE_APP_SANDBOX = YES;
				ENABLE_STRICT_OBJC_MSGSEND = YES;
				ENABLE_TESTABILITY = YES;
				ENABLE_USER_SCRIPT_SANDBOXING = YES;
				GCC_C_LANGUAGE_STANDARD = gnu17;
				GCC_DYNAMIC_NO_PIC = NO;
				GCC_NO_COMMON_BLOCKS = YES;
				GCC_OPTIMIZATION_LEVEL = 0;
				GCC_PREPROCESSOR_DEFINITIONS = (
					"DEBUG=1",
					"$(inherited)",
				);
				GCC_WARN_64_TO_32_BIT_CONVERSION = YES;
				GCC_WARN_ABOUT_RETURN_TYPE = YES_ERROR;
				GCC_WARN_UNDECLARED_SELECTOR = YES;
				GCC_WARN_UNINITIALIZED_AUTOS = YES_AGGRESSIVE;
				GCC_WARN_UNUSED_FUNCTION = YES;
				GCC_WARN_UNUSED_VARIABLE = YES;
				IPHONEOS_DEPLOYMENT_TARGET = 17.4;
				LOCALIZATION_PREFERS_STRING_CATALOGS = YES;
				MTL_ENABLE_DEBUG_INFO = INCLUDE_SOURCE;
				MTL_FAST_MATH = YES;
				ONLY_ACTIVE_ARCH = YES;
				SDKROOT = iphoneos;
				SWIFT_ACTIVE_COMPILATION_CONDITIONS = "DEBUG $(inherited)";
				SWIFT_OPTIMIZATION_LEVEL = "-Onone";
			};
			name = Debug;
		};
		C1C10DDD2BCEC9F0004AECB6 /* Release */ = {
			isa = XCBuildConfiguration;
			buildSettings = {
				ALWAYS_SEARCH_USER_PATHS = NO;
				ASSETCATALOG_COMPILER_GENERATE_SWIFT_ASSET_SYMBOL_EXTENSIONS = YES;
				CLANG_ANALYZER_NONNULL = YES;
				CLANG_ANALYZER_NUMBER_OBJECT_CONVERSION = YES_AGGRESSIVE;
				CLANG_CXX_LANGUAGE_STANDARD = "gnu++20";
				CLANG_ENABLE_MODULES = YES;
				CLANG_ENABLE_OBJC_ARC = YES;
				CLANG_ENABLE_OBJC_WEAK = YES;
				CLANG_WARN_BLOCK_CAPTURE_AUTORELEASING = YES;
				CLANG_WARN_BOOL_CONVERSION = YES;
				CLANG_WARN_COMMA = YES;
				CLANG_WARN_CONSTANT_CONVERSION = YES;
				CLANG_WARN_DEPRECATED_OBJC_IMPLEMENTATIONS = YES;
				CLANG_WARN_DIRECT_OBJC_ISA_USAGE = YES_ERROR;
				CLANG_WARN_DOCUMENTATION_COMMENTS = YES;
				CLANG_WARN_EMPTY_BODY = YES;
				CLANG_WARN_ENUM_CONVERSION = YES;
				CLANG_WARN_INFINITE_RECURSION = YES;
				CLANG_WARN_INT_CONVERSION = YES;
				CLANG_WARN_NON_LITERAL_NULL_CONVERSION = YES;
				CLANG_WARN_OBJC_IMPLICIT_RETAIN_SELF = YES;
				CLANG_WARN_OBJC_LITERAL_CONVERSION = YES;
				CLANG_WARN_OBJC_ROOT_CLASS = YES_ERROR;
				CLANG_WARN_QUOTED_INCLUDE_IN_FRAMEWORK_HEADER = YES;
				CLANG_WARN_RANGE_LOOP_ANALYSIS = YES;
				CLANG_WARN_STRICT_PROTOTYPES = YES;
				CLANG_WARN_SUSPICIOUS_MOVE = YES;
				CLANG_WARN_UNGUARDED_AVAILABILITY = YES_AGGRESSIVE;
				CLANG_WARN_UNREACHABLE_CODE = YES;
				CLANG_WARN__DUPLICATE_METHOD_MATCH = YES;
				COPY_PHASE_STRIP = NO;
				DEBUG_INFORMATION_FORMAT = "dwarf-with-dsym";
				ENABLE_APP_SANDBOX = YES;
				ENABLE_NS_ASSERTIONS = NO;
				ENABLE_STRICT_OBJC_MSGSEND = YES;
				ENABLE_USER_SCRIPT_SANDBOXING = YES;
				GCC_C_LANGUAGE_STANDARD = gnu17;
				GCC_NO_COMMON_BLOCKS = YES;
				GCC_WARN_64_TO_32_BIT_CONVERSION = YES;
				GCC_WARN_ABOUT_RETURN_TYPE = YES_ERROR;
				GCC_WARN_UNDECLARED_SELECTOR = YES;
				GCC_WARN_UNINITIALIZED_AUTOS = YES_AGGRESSIVE;
				GCC_WARN_UNUSED_FUNCTION = YES;
				GCC_WARN_UNUSED_VARIABLE = YES;
				IPHONEOS_DEPLOYMENT_TARGET = 17.4;
				LOCALIZATION_PREFERS_STRING_CATALOGS = YES;
				MTL_ENABLE_DEBUG_INFO = NO;
				MTL_FAST_MATH = YES;
				SDKROOT = iphoneos;
				SWIFT_COMPILATION_MODE = wholemodule;
				VALIDATE_PRODUCT = YES;
			};
			name = Release;
		};
		C1C10DDF2BCEC9F0004AECB6 /* Debug */ = {
			isa = XCBuildConfiguration;
			baseConfigurationReference = 6FC403879E4FB57B67555FE2 /* Pods-RickAndMortyApp.debug.xcconfig */;
			buildSettings = {
				ASSETCATALOG_COMPILER_APPICON_NAME = AppIcon;
				ASSETCATALOG_COMPILER_GLOBAL_ACCENT_COLOR_NAME = AccentColor;
				CODE_SIGN_STYLE = Automatic;
				CURRENT_PROJECT_VERSION = 1;
				DEVELOPMENT_TEAM = VH2FP4YPGS;
				ENABLE_APP_SANDBOX = NO;
				ENABLE_USER_SCRIPT_SANDBOXING = NO;
				GENERATE_INFOPLIST_FILE = YES;
				INFOPLIST_FILE = RickAndMortyApp/Info.plist;
				INFOPLIST_KEY_UIApplicationSupportsIndirectInputEvents = YES;
				INFOPLIST_KEY_UILaunchStoryboardName = LaunchScreen;
				INFOPLIST_KEY_UIMainStoryboardFile = Main;
				INFOPLIST_KEY_UISupportedInterfaceOrientations_iPad = "UIInterfaceOrientationPortrait UIInterfaceOrientationPortraitUpsideDown UIInterfaceOrientationLandscapeLeft UIInterfaceOrientationLandscapeRight";
				INFOPLIST_KEY_UISupportedInterfaceOrientations_iPhone = "UIInterfaceOrientationPortrait UIInterfaceOrientationLandscapeLeft UIInterfaceOrientationLandscapeRight";
				LD_RUNPATH_SEARCH_PATHS = (
					"$(inherited)",
					"@executable_path/Frameworks",
				);
				MARKETING_VERSION = 1.0;
				PRODUCT_BUNDLE_IDENTIFIER = noelhyusta.RickAndMortyApp;
				PRODUCT_NAME = "$(TARGET_NAME)";
				SWIFT_EMIT_LOC_STRINGS = YES;
				SWIFT_VERSION = 5.0;
				TARGETED_DEVICE_FAMILY = "1,2";
			};
			name = Debug;
		};
		C1C10DE02BCEC9F0004AECB6 /* Release */ = {
			isa = XCBuildConfiguration;
			baseConfigurationReference = 007FFE2AE90C617AAC6F6BB9 /* Pods-RickAndMortyApp.release.xcconfig */;
			buildSettings = {
				ASSETCATALOG_COMPILER_APPICON_NAME = AppIcon;
				ASSETCATALOG_COMPILER_GLOBAL_ACCENT_COLOR_NAME = AccentColor;
				CODE_SIGN_STYLE = Automatic;
				CURRENT_PROJECT_VERSION = 1;
				DEVELOPMENT_TEAM = VH2FP4YPGS;
				ENABLE_APP_SANDBOX = NO;
				ENABLE_USER_SCRIPT_SANDBOXING = NO;
				GENERATE_INFOPLIST_FILE = YES;
				INFOPLIST_FILE = RickAndMortyApp/Info.plist;
				INFOPLIST_KEY_UIApplicationSupportsIndirectInputEvents = YES;
				INFOPLIST_KEY_UILaunchStoryboardName = LaunchScreen;
				INFOPLIST_KEY_UIMainStoryboardFile = Main;
				INFOPLIST_KEY_UISupportedInterfaceOrientations_iPad = "UIInterfaceOrientationPortrait UIInterfaceOrientationPortraitUpsideDown UIInterfaceOrientationLandscapeLeft UIInterfaceOrientationLandscapeRight";
				INFOPLIST_KEY_UISupportedInterfaceOrientations_iPhone = "UIInterfaceOrientationPortrait UIInterfaceOrientationLandscapeLeft UIInterfaceOrientationLandscapeRight";
				LD_RUNPATH_SEARCH_PATHS = (
					"$(inherited)",
					"@executable_path/Frameworks",
				);
				MARKETING_VERSION = 1.0;
				PRODUCT_BUNDLE_IDENTIFIER = noelhyusta.RickAndMortyApp;
				PRODUCT_NAME = "$(TARGET_NAME)";
				SWIFT_EMIT_LOC_STRINGS = YES;
				SWIFT_VERSION = 5.0;
				TARGETED_DEVICE_FAMILY = "1,2";
			};
			name = Release;
		};
		C1C10DE22BCEC9F0004AECB6 /* Debug */ = {
			isa = XCBuildConfiguration;
			buildSettings = {
				ALWAYS_EMBED_SWIFT_STANDARD_LIBRARIES = YES;
				BUNDLE_LOADER = "$(TEST_HOST)";
				CODE_SIGN_STYLE = Automatic;
				CURRENT_PROJECT_VERSION = 1;
				DEVELOPMENT_TEAM = VH2FP4YPGS;
				GENERATE_INFOPLIST_FILE = YES;
				IPHONEOS_DEPLOYMENT_TARGET = 17.4;
				MARKETING_VERSION = 1.0;
				PRODUCT_BUNDLE_IDENTIFIER = noelhyusta.RickAndMortyAppTests;
				PRODUCT_NAME = "$(TARGET_NAME)";
				SWIFT_EMIT_LOC_STRINGS = NO;
				SWIFT_VERSION = 5.0;
				TARGETED_DEVICE_FAMILY = "1,2";
				TEST_HOST = "$(BUILT_PRODUCTS_DIR)/RickAndMortyApp.app/$(BUNDLE_EXECUTABLE_FOLDER_PATH)/RickAndMortyApp";
			};
			name = Debug;
		};
		C1C10DE32BCEC9F0004AECB6 /* Release */ = {
			isa = XCBuildConfiguration;
			buildSettings = {
				ALWAYS_EMBED_SWIFT_STANDARD_LIBRARIES = YES;
				BUNDLE_LOADER = "$(TEST_HOST)";
				CODE_SIGN_STYLE = Automatic;
				CURRENT_PROJECT_VERSION = 1;
				DEVELOPMENT_TEAM = VH2FP4YPGS;
				GENERATE_INFOPLIST_FILE = YES;
				IPHONEOS_DEPLOYMENT_TARGET = 17.4;
				MARKETING_VERSION = 1.0;
				PRODUCT_BUNDLE_IDENTIFIER = noelhyusta.RickAndMortyAppTests;
				PRODUCT_NAME = "$(TARGET_NAME)";
				SWIFT_EMIT_LOC_STRINGS = NO;
				SWIFT_VERSION = 5.0;
				TARGETED_DEVICE_FAMILY = "1,2";
				TEST_HOST = "$(BUILT_PRODUCTS_DIR)/RickAndMortyApp.app/$(BUNDLE_EXECUTABLE_FOLDER_PATH)/RickAndMortyApp";
			};
			name = Release;
		};
		C1C10DE52BCEC9F0004AECB6 /* Debug */ = {
			isa = XCBuildConfiguration;
			buildSettings = {
				ALWAYS_EMBED_SWIFT_STANDARD_LIBRARIES = YES;
				CODE_SIGN_STYLE = Automatic;
				CURRENT_PROJECT_VERSION = 1;
				DEVELOPMENT_TEAM = VH2FP4YPGS;
				ENABLE_APP_SANDBOX = NO;
				ENABLE_USER_SCRIPT_SANDBOXING = YES;
				GENERATE_INFOPLIST_FILE = YES;
				MARKETING_VERSION = 1.0;
				PRODUCT_BUNDLE_IDENTIFIER = noelhyusta.RickAndMortyAppUITests;
				PRODUCT_NAME = "$(TARGET_NAME)";
				SWIFT_EMIT_LOC_STRINGS = NO;
				SWIFT_VERSION = 5.0;
				TARGETED_DEVICE_FAMILY = "1,2";
				TEST_TARGET_NAME = RickAndMortyApp;
			};
			name = Debug;
		};
		C1C10DE62BCEC9F0004AECB6 /* Release */ = {
			isa = XCBuildConfiguration;
			buildSettings = {
				ALWAYS_EMBED_SWIFT_STANDARD_LIBRARIES = YES;
				CODE_SIGN_STYLE = Automatic;
				CURRENT_PROJECT_VERSION = 1;
				DEVELOPMENT_TEAM = VH2FP4YPGS;
				ENABLE_APP_SANDBOX = NO;
				ENABLE_USER_SCRIPT_SANDBOXING = YES;
				GENERATE_INFOPLIST_FILE = YES;
				MARKETING_VERSION = 1.0;
				PRODUCT_BUNDLE_IDENTIFIER = noelhyusta.RickAndMortyAppUITests;
				PRODUCT_NAME = "$(TARGET_NAME)";
				SWIFT_EMIT_LOC_STRINGS = NO;
				SWIFT_VERSION = 5.0;
				TARGETED_DEVICE_FAMILY = "1,2";
				TEST_TARGET_NAME = RickAndMortyApp;
			};
			name = Release;
		};
/* End XCBuildConfiguration section */

/* Begin XCConfigurationList section */
		C1C10DAF2BCEC9EC004AECB6 /* Build configuration list for PBXProject "RickAndMortyApp" */ = {
			isa = XCConfigurationList;
			buildConfigurations = (
				C1C10DDC2BCEC9F0004AECB6 /* Debug */,
				C1C10DDD2BCEC9F0004AECB6 /* Release */,
			);
			defaultConfigurationIsVisible = 0;
			defaultConfigurationName = Release;
		};
		C1C10DDE2BCEC9F0004AECB6 /* Build configuration list for PBXNativeTarget "RickAndMortyApp" */ = {
			isa = XCConfigurationList;
			buildConfigurations = (
				C1C10DDF2BCEC9F0004AECB6 /* Debug */,
				C1C10DE02BCEC9F0004AECB6 /* Release */,
			);
			defaultConfigurationIsVisible = 0;
			defaultConfigurationName = Release;
		};
		C1C10DE12BCEC9F0004AECB6 /* Build configuration list for PBXNativeTarget "RickAndMortyAppTests" */ = {
			isa = XCConfigurationList;
			buildConfigurations = (
				C1C10DE22BCEC9F0004AECB6 /* Debug */,
				C1C10DE32BCEC9F0004AECB6 /* Release */,
			);
			defaultConfigurationIsVisible = 0;
			defaultConfigurationName = Release;
		};
		C1C10DE42BCEC9F0004AECB6 /* Build configuration list for PBXNativeTarget "RickAndMortyAppUITests" */ = {
			isa = XCConfigurationList;
			buildConfigurations = (
				C1C10DE52BCEC9F0004AECB6 /* Debug */,
				C1C10DE62BCEC9F0004AECB6 /* Release */,
			);
			defaultConfigurationIsVisible = 0;
			defaultConfigurationName = Release;
		};
/* End XCConfigurationList section */
	};
	rootObject = C1C10DAC2BCEC9EC004AECB6 /* Project object */;
}
